// !$*UTF8*$!
{
	archiveVersion = 1;
	classes = {
	};
	objectVersion = 56;
	objects = {

/* Begin PBXBuildFile section */
		851D4B1129DC8790005BB40A /* ListViewModel.swift in Sources */ = {isa = PBXBuildFile; fileRef = 851D4B1029DC8790005BB40A /* ListViewModel.swift */; };
		852080C129DCDC3200FADE5B /* View+Extensions.swift in Sources */ = {isa = PBXBuildFile; fileRef = 852080C029DCDC3200FADE5B /* View+Extensions.swift */; };
		852080C329DCE44B00FADE5B /* ListItemView.swift in Sources */ = {isa = PBXBuildFile; fileRef = 852080C229DCE44B00FADE5B /* ListItemView.swift */; };
		852080C629DCE6A200FADE5B /* Food.swift in Sources */ = {isa = PBXBuildFile; fileRef = 852080C529DCE6A200FADE5B /* Food.swift */; };
		852080C829DCF34900FADE5B /* data.json in Resources */ = {isa = PBXBuildFile; fileRef = 852080C729DCF34900FADE5B /* data.json */; };
		852080CB29DCF52800FADE5B /* FoodRepository.swift in Sources */ = {isa = PBXBuildFile; fileRef = 852080CA29DCF52800FADE5B /* FoodRepository.swift */; };
		852080CE29DCF58D00FADE5B /* JSONServices.swift in Sources */ = {isa = PBXBuildFile; fileRef = 852080CD29DCF58D00FADE5B /* JSONServices.swift */; };
		852080D029DCF75500FADE5B /* ResponseModel.swift in Sources */ = {isa = PBXBuildFile; fileRef = 852080CF29DCF75500FADE5B /* ResponseModel.swift */; };
		85CB0E2129DBD2F90007E83C /* ReciMeAssignmentApp.swift in Sources */ = {isa = PBXBuildFile; fileRef = 85CB0E2029DBD2F90007E83C /* ReciMeAssignmentApp.swift */; };
		85CB0E2329DBD2F90007E83C /* ListView.swift in Sources */ = {isa = PBXBuildFile; fileRef = 85CB0E2229DBD2F90007E83C /* ListView.swift */; };
		85CB0E2529DBD2FB0007E83C /* Assets.xcassets in Resources */ = {isa = PBXBuildFile; fileRef = 85CB0E2429DBD2FB0007E83C /* Assets.xcassets */; };
		85CB0E2829DBD2FB0007E83C /* Preview Assets.xcassets in Resources */ = {isa = PBXBuildFile; fileRef = 85CB0E2729DBD2FB0007E83C /* Preview Assets.xcassets */; };
		85CB0E3229DBD2FC0007E83C /* ReciMeAssignmentTests.swift in Sources */ = {isa = PBXBuildFile; fileRef = 85CB0E3129DBD2FC0007E83C /* ReciMeAssignmentTests.swift */; };
		85CB0E3C29DBD2FC0007E83C /* ReciMeAssignmentUITests.swift in Sources */ = {isa = PBXBuildFile; fileRef = 85CB0E3B29DBD2FC0007E83C /* ReciMeAssignmentUITests.swift */; };
		85CB0E3E29DBD2FC0007E83C /* ReciMeAssignmentUITestsLaunchTests.swift in Sources */ = {isa = PBXBuildFile; fileRef = 85CB0E3D29DBD2FC0007E83C /* ReciMeAssignmentUITestsLaunchTests.swift */; };
/* End PBXBuildFile section */

/* Begin PBXContainerItemProxy section */
		85CB0E2E29DBD2FC0007E83C /* PBXContainerItemProxy */ = {
			isa = PBXContainerItemProxy;
			containerPortal = 85CB0E1529DBD2F90007E83C /* Project object */;
			proxyType = 1;
			remoteGlobalIDString = 85CB0E1C29DBD2F90007E83C;
			remoteInfo = ReciMeAssignment;
		};
		85CB0E3829DBD2FC0007E83C /* PBXContainerItemProxy */ = {
			isa = PBXContainerItemProxy;
			containerPortal = 85CB0E1529DBD2F90007E83C /* Project object */;
			proxyType = 1;
			remoteGlobalIDString = 85CB0E1C29DBD2F90007E83C;
			remoteInfo = ReciMeAssignment;
		};
/* End PBXContainerItemProxy section */

/* Begin PBXFileReference section */
		851D4B1029DC8790005BB40A /* ListViewModel.swift */ = {isa = PBXFileReference; lastKnownFileType = sourcecode.swift; path = ListViewModel.swift; sourceTree = "<group>"; };
		852080C029DCDC3200FADE5B /* View+Extensions.swift */ = {isa = PBXFileReference; lastKnownFileType = sourcecode.swift; path = "View+Extensions.swift"; sourceTree = "<group>"; };
		852080C229DCE44B00FADE5B /* ListItemView.swift */ = {isa = PBXFileReference; lastKnownFileType = sourcecode.swift; path = ListItemView.swift; sourceTree = "<group>"; };
		852080C529DCE6A200FADE5B /* Food.swift */ = {isa = PBXFileReference; lastKnownFileType = sourcecode.swift; path = Food.swift; sourceTree = "<group>"; };
		852080C729DCF34900FADE5B /* data.json */ = {isa = PBXFileReference; lastKnownFileType = text.json; path = data.json; sourceTree = "<group>"; };
		852080CA29DCF52800FADE5B /* FoodRepository.swift */ = {isa = PBXFileReference; lastKnownFileType = sourcecode.swift; path = FoodRepository.swift; sourceTree = "<group>"; };
		852080CD29DCF58D00FADE5B /* JSONServices.swift */ = {isa = PBXFileReference; lastKnownFileType = sourcecode.swift; path = JSONServices.swift; sourceTree = "<group>"; };
		852080CF29DCF75500FADE5B /* ResponseModel.swift */ = {isa = PBXFileReference; lastKnownFileType = sourcecode.swift; path = ResponseModel.swift; sourceTree = "<group>"; };
		85CB0E1D29DBD2F90007E83C /* ReciMeAssignment.app */ = {isa = PBXFileReference; explicitFileType = wrapper.application; includeInIndex = 0; path = ReciMeAssignment.app; sourceTree = BUILT_PRODUCTS_DIR; };
		85CB0E2029DBD2F90007E83C /* ReciMeAssignmentApp.swift */ = {isa = PBXFileReference; lastKnownFileType = sourcecode.swift; path = ReciMeAssignmentApp.swift; sourceTree = "<group>"; };
		85CB0E2229DBD2F90007E83C /* ListView.swift */ = {isa = PBXFileReference; lastKnownFileType = sourcecode.swift; path = ListView.swift; sourceTree = "<group>"; };
		85CB0E2429DBD2FB0007E83C /* Assets.xcassets */ = {isa = PBXFileReference; lastKnownFileType = folder.assetcatalog; path = Assets.xcassets; sourceTree = "<group>"; };
		85CB0E2729DBD2FB0007E83C /* Preview Assets.xcassets */ = {isa = PBXFileReference; lastKnownFileType = folder.assetcatalog; path = "Preview Assets.xcassets"; sourceTree = "<group>"; };
		85CB0E2D29DBD2FC0007E83C /* ReciMeAssignmentTests.xctest */ = {isa = PBXFileReference; explicitFileType = wrapper.cfbundle; includeInIndex = 0; path = ReciMeAssignmentTests.xctest; sourceTree = BUILT_PRODUCTS_DIR; };
		85CB0E3129DBD2FC0007E83C /* ReciMeAssignmentTests.swift */ = {isa = PBXFileReference; lastKnownFileType = sourcecode.swift; path = ReciMeAssignmentTests.swift; sourceTree = "<group>"; };
		85CB0E3729DBD2FC0007E83C /* ReciMeAssignmentUITests.xctest */ = {isa = PBXFileReference; explicitFileType = wrapper.cfbundle; includeInIndex = 0; path = ReciMeAssignmentUITests.xctest; sourceTree = BUILT_PRODUCTS_DIR; };
		85CB0E3B29DBD2FC0007E83C /* ReciMeAssignmentUITests.swift */ = {isa = PBXFileReference; lastKnownFileType = sourcecode.swift; path = ReciMeAssignmentUITests.swift; sourceTree = "<group>"; };
		85CB0E3D29DBD2FC0007E83C /* ReciMeAssignmentUITestsLaunchTests.swift */ = {isa = PBXFileReference; lastKnownFileType = sourcecode.swift; path = ReciMeAssignmentUITestsLaunchTests.swift; sourceTree = "<group>"; };
/* End PBXFileReference section */

/* Begin PBXFrameworksBuildPhase section */
		85CB0E1A29DBD2F90007E83C /* Frameworks */ = {
			isa = PBXFrameworksBuildPhase;
			buildActionMask = 2147483647;
			files = (
			);
			runOnlyForDeploymentPostprocessing = 0;
		};
		85CB0E2A29DBD2FC0007E83C /* Frameworks */ = {
			isa = PBXFrameworksBuildPhase;
			buildActionMask = 2147483647;
			files = (
			);
			runOnlyForDeploymentPostprocessing = 0;
		};
		85CB0E3429DBD2FC0007E83C /* Frameworks */ = {
			isa = PBXFrameworksBuildPhase;
			buildActionMask = 2147483647;
			files = (
			);
			runOnlyForDeploymentPostprocessing = 0;
		};
/* End PBXFrameworksBuildPhase section */

/* Begin PBXGroup section */
		851D4B0F29DC8758005BB40A /* ListView */ = {
			isa = PBXGroup;
			children = (
				85CB0E2229DBD2F90007E83C /* ListView.swift */,
				851D4B1029DC8790005BB40A /* ListViewModel.swift */,
				852080C229DCE44B00FADE5B /* ListItemView.swift */,
			);
			path = ListView;
			sourceTree = "<group>";
		};
		852080BF29DCDC1B00FADE5B /* Extensions */ = {
			isa = PBXGroup;
			children = (
				852080C029DCDC3200FADE5B /* View+Extensions.swift */,
			);
			path = Extensions;
			sourceTree = "<group>";
		};
		852080C429DCE69100FADE5B /* Models */ = {
			isa = PBXGroup;
			children = (
				852080C529DCE6A200FADE5B /* Food.swift */,
				852080CF29DCF75500FADE5B /* ResponseModel.swift */,
			);
			path = Models;
			sourceTree = "<group>";
		};
		852080C929DCF50300FADE5B /* Repositories */ = {
			isa = PBXGroup;
			children = (
				852080CA29DCF52800FADE5B /* FoodRepository.swift */,
			);
			path = Repositories;
			sourceTree = "<group>";
		};
		852080CC29DCF57B00FADE5B /* Services */ = {
			isa = PBXGroup;
			children = (
				852080CD29DCF58D00FADE5B /* JSONServices.swift */,
			);
			path = Services;
			sourceTree = "<group>";
		};
		85CB0E1429DBD2F90007E83C = {
			isa = PBXGroup;
			children = (
				85CB0E1F29DBD2F90007E83C /* ReciMeAssignment */,
				85CB0E3029DBD2FC0007E83C /* ReciMeAssignmentTests */,
				85CB0E3A29DBD2FC0007E83C /* ReciMeAssignmentUITests */,
				85CB0E1E29DBD2F90007E83C /* Products */,
			);
			sourceTree = "<group>";
		};
		85CB0E1E29DBD2F90007E83C /* Products */ = {
			isa = PBXGroup;
			children = (
				85CB0E1D29DBD2F90007E83C /* ReciMeAssignment.app */,
				85CB0E2D29DBD2FC0007E83C /* ReciMeAssignmentTests.xctest */,
				85CB0E3729DBD2FC0007E83C /* ReciMeAssignmentUITests.xctest */,
			);
			name = Products;
			sourceTree = "<group>";
		};
		85CB0E1F29DBD2F90007E83C /* ReciMeAssignment */ = {
			isa = PBXGroup;
			children = (
				852080BF29DCDC1B00FADE5B /* Extensions */,
				851D4B0F29DC8758005BB40A /* ListView */,
				852080C429DCE69100FADE5B /* Models */,
				852080C929DCF50300FADE5B /* Repositories */,
				852080CC29DCF57B00FADE5B /* Services */,
				85CB0E2029DBD2F90007E83C /* ReciMeAssignmentApp.swift */,
				85CB0E2429DBD2FB0007E83C /* Assets.xcassets */,
				85CB0E2629DBD2FB0007E83C /* Preview Content */,
				852080C729DCF34900FADE5B /* data.json */,
			);
			path = ReciMeAssignment;
			sourceTree = "<group>";
		};
		85CB0E2629DBD2FB0007E83C /* Preview Content */ = {
			isa = PBXGroup;
			children = (
				85CB0E2729DBD2FB0007E83C /* Preview Assets.xcassets */,
			);
			path = "Preview Content";
			sourceTree = "<group>";
		};
		85CB0E3029DBD2FC0007E83C /* ReciMeAssignmentTests */ = {
			isa = PBXGroup;
			children = (
				85CB0E3129DBD2FC0007E83C /* ReciMeAssignmentTests.swift */,
			);
			path = ReciMeAssignmentTests;
			sourceTree = "<group>";
		};
		85CB0E3A29DBD2FC0007E83C /* ReciMeAssignmentUITests */ = {
			isa = PBXGroup;
			children = (
				85CB0E3B29DBD2FC0007E83C /* ReciMeAssignmentUITests.swift */,
				85CB0E3D29DBD2FC0007E83C /* ReciMeAssignmentUITestsLaunchTests.swift */,
			);
			path = ReciMeAssignmentUITests;
			sourceTree = "<group>";
		};
/* End PBXGroup section */

/* Begin PBXNativeTarget section */
		85CB0E1C29DBD2F90007E83C /* ReciMeAssignment */ = {
			isa = PBXNativeTarget;
			buildConfigurationList = 85CB0E4129DBD2FC0007E83C /* Build configuration list for PBXNativeTarget "ReciMeAssignment" */;
			buildPhases = (
				85CB0E1929DBD2F90007E83C /* Sources */,
				85CB0E1A29DBD2F90007E83C /* Frameworks */,
				85CB0E1B29DBD2F90007E83C /* Resources */,
			);
			buildRules = (
			);
			dependencies = (
			);
			name = ReciMeAssignment;
			productName = ReciMeAssignment;
			productReference = 85CB0E1D29DBD2F90007E83C /* ReciMeAssignment.app */;
			productType = "com.apple.product-type.application";
		};
		85CB0E2C29DBD2FC0007E83C /* ReciMeAssignmentTests */ = {
			isa = PBXNativeTarget;
			buildConfigurationList = 85CB0E4429DBD2FC0007E83C /* Build configuration list for PBXNativeTarget "ReciMeAssignmentTests" */;
			buildPhases = (
				85CB0E2929DBD2FC0007E83C /* Sources */,
				85CB0E2A29DBD2FC0007E83C /* Frameworks */,
				85CB0E2B29DBD2FC0007E83C /* Resources */,
			);
			buildRules = (
			);
			dependencies = (
				85CB0E2F29DBD2FC0007E83C /* PBXTargetDependency */,
			);
			name = ReciMeAssignmentTests;
			productName = ReciMeAssignmentTests;
			productReference = 85CB0E2D29DBD2FC0007E83C /* ReciMeAssignmentTests.xctest */;
			productType = "com.apple.product-type.bundle.unit-test";
		};
		85CB0E3629DBD2FC0007E83C /* ReciMeAssignmentUITests */ = {
			isa = PBXNativeTarget;
			buildConfigurationList = 85CB0E4729DBD2FC0007E83C /* Build configuration list for PBXNativeTarget "ReciMeAssignmentUITests" */;
			buildPhases = (
				85CB0E3329DBD2FC0007E83C /* Sources */,
				85CB0E3429DBD2FC0007E83C /* Frameworks */,
				85CB0E3529DBD2FC0007E83C /* Resources */,
			);
			buildRules = (
			);
			dependencies = (
				85CB0E3929DBD2FC0007E83C /* PBXTargetDependency */,
			);
			name = ReciMeAssignmentUITests;
			productName = ReciMeAssignmentUITests;
			productReference = 85CB0E3729DBD2FC0007E83C /* ReciMeAssignmentUITests.xctest */;
			productType = "com.apple.product-type.bundle.ui-testing";
		};
/* End PBXNativeTarget section */

/* Begin PBXProject section */
		85CB0E1529DBD2F90007E83C /* Project object */ = {
			isa = PBXProject;
			attributes = {
				BuildIndependentTargetsInParallel = 1;
				LastSwiftUpdateCheck = 1420;
				LastUpgradeCheck = 1420;
				TargetAttributes = {
					85CB0E1C29DBD2F90007E83C = {
						CreatedOnToolsVersion = 14.2;
					};
					85CB0E2C29DBD2FC0007E83C = {
						CreatedOnToolsVersion = 14.2;
						TestTargetID = 85CB0E1C29DBD2F90007E83C;
					};
					85CB0E3629DBD2FC0007E83C = {
						CreatedOnToolsVersion = 14.2;
						TestTargetID = 85CB0E1C29DBD2F90007E83C;
					};
				};
			};
			buildConfigurationList = 85CB0E1829DBD2F90007E83C /* Build configuration list for PBXProject "ReciMeAssignment" */;
			compatibilityVersion = "Xcode 14.0";
			developmentRegion = en;
			hasScannedForEncodings = 0;
			knownRegions = (
				en,
				Base,
			);
			mainGroup = 85CB0E1429DBD2F90007E83C;
			productRefGroup = 85CB0E1E29DBD2F90007E83C /* Products */;
			projectDirPath = "";
			projectRoot = "";
			targets = (
				85CB0E1C29DBD2F90007E83C /* ReciMeAssignment */,
				85CB0E2C29DBD2FC0007E83C /* ReciMeAssignmentTests */,
				85CB0E3629DBD2FC0007E83C /* ReciMeAssignmentUITests */,
			);
		};
/* End PBXProject section */

/* Begin PBXResourcesBuildPhase section */
		85CB0E1B29DBD2F90007E83C /* Resources */ = {
			isa = PBXResourcesBuildPhase;
			buildActionMask = 2147483647;
			files = (
				85CB0E2829DBD2FB0007E83C /* Preview Assets.xcassets in Resources */,
				852080C829DCF34900FADE5B /* data.json in Resources */,
				85CB0E2529DBD2FB0007E83C /* Assets.xcassets in Resources */,
			);
			runOnlyForDeploymentPostprocessing = 0;
		};
		85CB0E2B29DBD2FC0007E83C /* Resources */ = {
			isa = PBXResourcesBuildPhase;
			buildActionMask = 2147483647;
			files = (
			);
			runOnlyForDeploymentPostprocessing = 0;
		};
		85CB0E3529DBD2FC0007E83C /* Resources */ = {
			isa = PBXResourcesBuildPhase;
			buildActionMask = 2147483647;
			files = (
			);
			runOnlyForDeploymentPostprocessing = 0;
		};
/* End PBXResourcesBuildPhase section */

/* Begin PBXSourcesBuildPhase section */
		85CB0E1929DBD2F90007E83C /* Sources */ = {
			isa = PBXSourcesBuildPhase;
			buildActionMask = 2147483647;
			files = (
				852080C329DCE44B00FADE5B /* ListItemView.swift in Sources */,
				852080D029DCF75500FADE5B /* ResponseModel.swift in Sources */,
				852080CE29DCF58D00FADE5B /* JSONServices.swift in Sources */,
				85CB0E2329DBD2F90007E83C /* ListView.swift in Sources */,
				85CB0E2129DBD2F90007E83C /* ReciMeAssignmentApp.swift in Sources */,
				852080CB29DCF52800FADE5B /* FoodRepository.swift in Sources */,
				852080C129DCDC3200FADE5B /* View+Extensions.swift in Sources */,
				851D4B1129DC8790005BB40A /* ListViewModel.swift in Sources */,
				852080C629DCE6A200FADE5B /* Food.swift in Sources */,
			);
			runOnlyForDeploymentPostprocessing = 0;
		};
		85CB0E2929DBD2FC0007E83C /* Sources */ = {
			isa = PBXSourcesBuildPhase;
			buildActionMask = 2147483647;
			files = (
				85CB0E3229DBD2FC0007E83C /* ReciMeAssignmentTests.swift in Sources */,
			);
			runOnlyForDeploymentPostprocessing = 0;
		};
		85CB0E3329DBD2FC0007E83C /* Sources */ = {
			isa = PBXSourcesBuildPhase;
			buildActionMask = 2147483647;
			files = (
				85CB0E3E29DBD2FC0007E83C /* ReciMeAssignmentUITestsLaunchTests.swift in Sources */,
				85CB0E3C29DBD2FC0007E83C /* ReciMeAssignmentUITests.swift in Sources */,
			);
			runOnlyForDeploymentPostprocessing = 0;
		};
/* End PBXSourcesBuildPhase section */

/* Begin PBXTargetDependency section */
		85CB0E2F29DBD2FC0007E83C /* PBXTargetDependency */ = {
			isa = PBXTargetDependency;
			target = 85CB0E1C29DBD2F90007E83C /* ReciMeAssignment */;
			targetProxy = 85CB0E2E29DBD2FC0007E83C /* PBXContainerItemProxy */;
		};
		85CB0E3929DBD2FC0007E83C /* PBXTargetDependency */ = {
			isa = PBXTargetDependency;
			target = 85CB0E1C29DBD2F90007E83C /* ReciMeAssignment */;
			targetProxy = 85CB0E3829DBD2FC0007E83C /* PBXContainerItemProxy */;
		};
/* End PBXTargetDependency section */

/* Begin XCBuildConfiguration section */
		85CB0E3F29DBD2FC0007E83C /* Debug */ = {
			isa = XCBuildConfiguration;
			buildSettings = {
				ALWAYS_SEARCH_USER_PATHS = NO;
				CLANG_ANALYZER_NONNULL = YES;
				CLANG_ANALYZER_NUMBER_OBJECT_CONVERSION = YES_AGGRESSIVE;
				CLANG_CXX_LANGUAGE_STANDARD = "gnu++20";
				CLANG_ENABLE_MODULES = YES;
				CLANG_ENABLE_OBJC_ARC = YES;
				CLANG_ENABLE_OBJC_WEAK = YES;
				CLANG_WARN_BLOCK_CAPTURE_AUTORELEASING = YES;
				CLANG_WARN_BOOL_CONVERSION = YES;
				CLANG_WARN_COMMA = YES;
				CLANG_WARN_CONSTANT_CONVERSION = YES;
				CLANG_WARN_DEPRECATED_OBJC_IMPLEMENTATIONS = YES;
				CLANG_WARN_DIRECT_OBJC_ISA_USAGE = YES_ERROR;
				CLANG_WARN_DOCUMENTATION_COMMENTS = YES;
				CLANG_WARN_EMPTY_BODY = YES;
				CLANG_WARN_ENUM_CONVERSION = YES;
				CLANG_WARN_INFINITE_RECURSION = YES;
				CLANG_WARN_INT_CONVERSION = YES;
				CLANG_WARN_NON_LITERAL_NULL_CONVERSION = YES;
				CLANG_WARN_OBJC_IMPLICIT_RETAIN_SELF = YES;
				CLANG_WARN_OBJC_LITERAL_CONVERSION = YES;
				CLANG_WARN_OBJC_ROOT_CLASS = YES_ERROR;
				CLANG_WARN_QUOTED_INCLUDE_IN_FRAMEWORK_HEADER = YES;
				CLANG_WARN_RANGE_LOOP_ANALYSIS = YES;
				CLANG_WARN_STRICT_PROTOTYPES = YES;
				CLANG_WARN_SUSPICIOUS_MOVE = YES;
				CLANG_WARN_UNGUARDED_AVAILABILITY = YES_AGGRESSIVE;
				CLANG_WARN_UNREACHABLE_CODE = YES;
				CLANG_WARN__DUPLICATE_METHOD_MATCH = YES;
				COPY_PHASE_STRIP = NO;
				DEBUG_INFORMATION_FORMAT = dwarf;
				ENABLE_STRICT_OBJC_MSGSEND = YES;
				ENABLE_TESTABILITY = YES;
				GCC_C_LANGUAGE_STANDARD = gnu11;
				GCC_DYNAMIC_NO_PIC = NO;
				GCC_NO_COMMON_BLOCKS = YES;
				GCC_OPTIMIZATION_LEVEL = 0;
				GCC_PREPROCESSOR_DEFINITIONS = (
					"DEBUG=1",
					"$(inherited)",
				);
				GCC_WARN_64_TO_32_BIT_CONVERSION = YES;
				GCC_WARN_ABOUT_RETURN_TYPE = YES_ERROR;
				GCC_WARN_UNDECLARED_SELECTOR = YES;
				GCC_WARN_UNINITIALIZED_AUTOS = YES_AGGRESSIVE;
				GCC_WARN_UNUSED_FUNCTION = YES;
				GCC_WARN_UNUSED_VARIABLE = YES;
				IPHONEOS_DEPLOYMENT_TARGET = 16.2;
				MTL_ENABLE_DEBUG_INFO = INCLUDE_SOURCE;
				MTL_FAST_MATH = YES;
				ONLY_ACTIVE_ARCH = YES;
				SDKROOT = iphoneos;
				SWIFT_ACTIVE_COMPILATION_CONDITIONS = DEBUG;
				SWIFT_OPTIMIZATION_LEVEL = "-Onone";
			};
			name = Debug;
		};
		85CB0E4029DBD2FC0007E83C /* Release */ = {
			isa = XCBuildConfiguration;
			buildSettings = {
				ALWAYS_SEARCH_USER_PATHS = NO;
				CLANG_ANALYZER_NONNULL = YES;
				CLANG_ANALYZER_NUMBER_OBJECT_CONVERSION = YES_AGGRESSIVE;
				CLANG_CXX_LANGUAGE_STANDARD = "gnu++20";
				CLANG_ENABLE_MODULES = YES;
				CLANG_ENABLE_OBJC_ARC = YES;
				CLANG_ENABLE_OBJC_WEAK = YES;
				CLANG_WARN_BLOCK_CAPTURE_AUTORELEASING = YES;
				CLANG_WARN_BOOL_CONVERSION = YES;
				CLANG_WARN_COMMA = YES;
				CLANG_WARN_CONSTANT_CONVERSION = YES;
				CLANG_WARN_DEPRECATED_OBJC_IMPLEMENTATIONS = YES;
				CLANG_WARN_DIRECT_OBJC_ISA_USAGE = YES_ERROR;
				CLANG_WARN_DOCUMENTATION_COMMENTS = YES;
				CLANG_WARN_EMPTY_BODY = YES;
				CLANG_WARN_ENUM_CONVERSION = YES;
				CLANG_WARN_INFINITE_RECURSION = YES;
				CLANG_WARN_INT_CONVERSION = YES;
				CLANG_WARN_NON_LITERAL_NULL_CONVERSION = YES;
				CLANG_WARN_OBJC_IMPLICIT_RETAIN_SELF = YES;
				CLANG_WARN_OBJC_LITERAL_CONVERSION = YES;
				CLANG_WARN_OBJC_ROOT_CLASS = YES_ERROR;
				CLANG_WARN_QUOTED_INCLUDE_IN_FRAMEWORK_HEADER = YES;
				CLANG_WARN_RANGE_LOOP_ANALYSIS = YES;
				CLANG_WARN_STRICT_PROTOTYPES = YES;
				CLANG_WARN_SUSPICIOUS_MOVE = YES;
				CLANG_WARN_UNGUARDED_AVAILABILITY = YES_AGGRESSIVE;
				CLANG_WARN_UNREACHABLE_CODE = YES;
				CLANG_WARN__DUPLICATE_METHOD_MATCH = YES;
				COPY_PHASE_STRIP = NO;
				DEBUG_INFORMATION_FORMAT = "dwarf-with-dsym";
				ENABLE_NS_ASSERTIONS = NO;
				ENABLE_STRICT_OBJC_MSGSEND = YES;
				GCC_C_LANGUAGE_STANDARD = gnu11;
				GCC_NO_COMMON_BLOCKS = YES;
				GCC_WARN_64_TO_32_BIT_CONVERSION = YES;
				GCC_WARN_ABOUT_RETURN_TYPE = YES_ERROR;
				GCC_WARN_UNDECLARED_SELECTOR = YES;
				GCC_WARN_UNINITIALIZED_AUTOS = YES_AGGRESSIVE;
				GCC_WARN_UNUSED_FUNCTION = YES;
				GCC_WARN_UNUSED_VARIABLE = YES;
				IPHONEOS_DEPLOYMENT_TARGET = 16.2;
				MTL_ENABLE_DEBUG_INFO = NO;
				MTL_FAST_MATH = YES;
				SDKROOT = iphoneos;
				SWIFT_COMPILATION_MODE = wholemodule;
				SWIFT_OPTIMIZATION_LEVEL = "-O";
				VALIDATE_PRODUCT = YES;
			};
			name = Release;
		};
		85CB0E4229DBD2FC0007E83C /* Debug */ = {
			isa = XCBuildConfiguration;
			buildSettings = {
				ASSETCATALOG_COMPILER_APPICON_NAME = AppIcon;
				ASSETCATALOG_COMPILER_GLOBAL_ACCENT_COLOR_NAME = AccentColor;
				CODE_SIGN_STYLE = Manual;
				CURRENT_PROJECT_VERSION = 1;
				DEVELOPMENT_ASSET_PATHS = "\"ReciMeAssignment/Preview Content\"";
				DEVELOPMENT_TEAM = "";
				ENABLE_PREVIEWS = YES;
				GENERATE_INFOPLIST_FILE = YES;
				INFOPLIST_KEY_UIApplicationSceneManifest_Generation = YES;
				INFOPLIST_KEY_UIApplicationSupportsIndirectInputEvents = YES;
				INFOPLIST_KEY_UILaunchScreen_Generation = YES;
				INFOPLIST_KEY_UISupportedInterfaceOrientations_iPad = "UIInterfaceOrientationPortrait UIInterfaceOrientationPortraitUpsideDown UIInterfaceOrientationLandscapeLeft UIInterfaceOrientationLandscapeRight";
				INFOPLIST_KEY_UISupportedInterfaceOrientations_iPhone = "UIInterfaceOrientationPortrait UIInterfaceOrientationLandscapeLeft UIInterfaceOrientationLandscapeRight";
				LD_RUNPATH_SEARCH_PATHS = (
					"$(inherited)",
					"@executable_path/Frameworks",
				);
				MARKETING_VERSION = 1.0;
				PRODUCT_BUNDLE_IDENTIFIER = com.tom.assignment.ReciMeAssignment;
				PRODUCT_NAME = "$(TARGET_NAME)";
				PROVISIONING_PROFILE_SPECIFIER = "";
				SWIFT_EMIT_LOC_STRINGS = YES;
				SWIFT_VERSION = 5.0;
				TARGETED_DEVICE_FAMILY = "1,2";
			};
			name = Debug;
		};
		85CB0E4329DBD2FC0007E83C /* Release */ = {
			isa = XCBuildConfiguration;
			buildSettings = {
				ASSETCATALOG_COMPILER_APPICON_NAME = AppIcon;
				ASSETCATALOG_COMPILER_GLOBAL_ACCENT_COLOR_NAME = AccentColor;
				CODE_SIGN_STYLE = Manual;
				CURRENT_PROJECT_VERSION = 1;
				DEVELOPMENT_ASSET_PATHS = "\"ReciMeAssignment/Preview Content\"";
				DEVELOPMENT_TEAM = "";
				ENABLE_PREVIEWS = YES;
				GENERATE_INFOPLIST_FILE = YES;
				INFOPLIST_KEY_UIApplicationSceneManifest_Generation = YES;
				INFOPLIST_KEY_UIApplicationSupportsIndirectInputEvents = YES;
				INFOPLIST_KEY_UILaunchScreen_Generation = YES;
				INFOPLIST_KEY_UISupportedInterfaceOrientations_iPad = "UIInterfaceOrientationPortrait UIInterfaceOrientationPortraitUpsideDown UIInterfaceOrientationLandscapeLeft UIInterfaceOrientationLandscapeRight";
				INFOPLIST_KEY_UISupportedInterfaceOrientations_iPhone = "UIInterfaceOrientationPortrait UIInterfaceOrientationLandscapeLeft UIInterfaceOrientationLandscapeRight";
				LD_RUNPATH_SEARCH_PATHS = (
					"$(inherited)",
					"@executable_path/Frameworks",
				);
				MARKETING_VERSION = 1.0;
				PRODUCT_BUNDLE_IDENTIFIER = com.tom.assignment.ReciMeAssignment;
				PRODUCT_NAME = "$(TARGET_NAME)";
				PROVISIONING_PROFILE_SPECIFIER = "";
				SWIFT_EMIT_LOC_STRINGS = YES;
				SWIFT_VERSION = 5.0;
				TARGETED_DEVICE_FAMILY = "1,2";
			};
			name = Release;
		};
		85CB0E4529DBD2FC0007E83C /* Debug */ = {
			isa = XCBuildConfiguration;
			buildSettings = {
				ALWAYS_EMBED_SWIFT_STANDARD_LIBRARIES = YES;
				BUNDLE_LOADER = "$(TEST_HOST)";
				CODE_SIGN_STYLE = Automatic;
				CURRENT_PROJECT_VERSION = 1;
				GENERATE_INFOPLIST_FILE = YES;
				IPHONEOS_DEPLOYMENT_TARGET = 16.2;
				MARKETING_VERSION = 1.0;
				PRODUCT_BUNDLE_IDENTIFIER = com.tom.assignment.ReciMeAssignmentTests;
				PRODUCT_NAME = "$(TARGET_NAME)";
				SWIFT_EMIT_LOC_STRINGS = NO;
				SWIFT_VERSION = 5.0;
				TARGETED_DEVICE_FAMILY = "1,2";
				TEST_HOST = "$(BUILT_PRODUCTS_DIR)/ReciMeAssignment.app/$(BUNDLE_EXECUTABLE_FOLDER_PATH)/ReciMeAssignment";
			};
			name = Debug;
		};
		85CB0E4629DBD2FC0007E83C /* Release */ = {
			isa = XCBuildConfiguration;
			buildSettings = {
				ALWAYS_EMBED_SWIFT_STANDARD_LIBRARIES = YES;
				BUNDLE_LOADER = "$(TEST_HOST)";
				CODE_SIGN_STYLE = Automatic;
				CURRENT_PROJECT_VERSION = 1;
				GENERATE_INFOPLIST_FILE = YES;
				IPHONEOS_DEPLOYMENT_TARGET = 16.2;
				MARKETING_VERSION = 1.0;
				PRODUCT_BUNDLE_IDENTIFIER = com.tom.assignment.ReciMeAssignmentTests;
				PRODUCT_NAME = "$(TARGET_NAME)";
				SWIFT_EMIT_LOC_STRINGS = NO;
				SWIFT_VERSION = 5.0;
				TARGETED_DEVICE_FAMILY = "1,2";
				TEST_HOST = "$(BUILT_PRODUCTS_DIR)/ReciMeAssignment.app/$(BUNDLE_EXECUTABLE_FOLDER_PATH)/ReciMeAssignment";
			};
			name = Release;
		};
		85CB0E4829DBD2FC0007E83C /* Debug */ = {
			isa = XCBuildConfiguration;
			buildSettings = {
				ALWAYS_EMBED_SWIFT_STANDARD_LIBRARIES = YES;
				CODE_SIGN_STYLE = Automatic;
				CURRENT_PROJECT_VERSION = 1;
				GENERATE_INFOPLIST_FILE = YES;
				MARKETING_VERSION = 1.0;
				PRODUCT_BUNDLE_IDENTIFIER = com.tom.assignment.ReciMeAssignmentUITests;
				PRODUCT_NAME = "$(TARGET_NAME)";
				SWIFT_EMIT_LOC_STRINGS = NO;
				SWIFT_VERSION = 5.0;
				TARGETED_DEVICE_FAMILY = "1,2";
				TEST_TARGET_NAME = ReciMeAssignment;
			};
			name = Debug;
		};
		85CB0E4929DBD2FC0007E83C /* Release */ = {
			isa = XCBuildConfiguration;
			buildSettings = {
				ALWAYS_EMBED_SWIFT_STANDARD_LIBRARIES = YES;
				CODE_SIGN_STYLE = Automatic;
				CURRENT_PROJECT_VERSION = 1;
				GENERATE_INFOPLIST_FILE = YES;
				MARKETING_VERSION = 1.0;
				PRODUCT_BUNDLE_IDENTIFIER = com.tom.assignment.ReciMeAssignmentUITests;
				PRODUCT_NAME = "$(TARGET_NAME)";
				SWIFT_EMIT_LOC_STRINGS = NO;
				SWIFT_VERSION = 5.0;
				TARGETED_DEVICE_FAMILY = "1,2";
				TEST_TARGET_NAME = ReciMeAssignment;
			};
			name = Release;
		};
/* End XCBuildConfiguration section */

/* Begin XCConfigurationList section */
		85CB0E1829DBD2F90007E83C /* Build configuration list for PBXProject "ReciMeAssignment" */ = {
			isa = XCConfigurationList;
			buildConfigurations = (
				85CB0E3F29DBD2FC0007E83C /* Debug */,
				85CB0E4029DBD2FC0007E83C /* Release */,
			);
			defaultConfigurationIsVisible = 0;
			defaultConfigurationName = Release;
		};
		85CB0E4129DBD2FC0007E83C /* Build configuration list for PBXNativeTarget "ReciMeAssignment" */ = {
			isa = XCConfigurationList;
			buildConfigurations = (
				85CB0E4229DBD2FC0007E83C /* Debug */,
				85CB0E4329DBD2FC0007E83C /* Release */,
			);
			defaultConfigurationIsVisible = 0;
			defaultConfigurationName = Release;
		};
		85CB0E4429DBD2FC0007E83C /* Build configuration list for PBXNativeTarget "ReciMeAssignmentTests" */ = {
			isa = XCConfigurationList;
			buildConfigurations = (
				85CB0E4529DBD2FC0007E83C /* Debug */,
				85CB0E4629DBD2FC0007E83C /* Release */,
			);
			defaultConfigurationIsVisible = 0;
			defaultConfigurationName = Release;
		};
		85CB0E4729DBD2FC0007E83C /* Build configuration list for PBXNativeTarget "ReciMeAssignmentUITests" */ = {
			isa = XCConfigurationList;
			buildConfigurations = (
				85CB0E4829DBD2FC0007E83C /* Debug */,
				85CB0E4929DBD2FC0007E83C /* Release */,
			);
			defaultConfigurationIsVisible = 0;
			defaultConfigurationName = Release;
		};
/* End XCConfigurationList section */
	};
	rootObject = 85CB0E1529DBD2F90007E83C /* Project object */;
}
